PODS:
  - RCTRestart (0.0.9):
    - React
  - React (0.57.8):
    - React/Core (= 0.57.8)
  - react-native-orientation (3.1.3):
    - React
  - react-native-sqlite-storage (3.3.9):
    - React
  - React/Core (0.57.8):
    - yoga (= 0.57.8.React)
  - React/DevSupport (0.57.8):
    - React/Core
    - React/RCTWebSocket
  - React/fishhook (0.57.8)
  - React/RCTBlob (0.57.8):
    - React/Core
  - React/RCTImage (0.57.8):
    - React/Core
    - React/RCTNetwork
  - React/RCTLinkingIOS (0.57.8):
    - React/Core
  - React/RCTNetwork (0.57.8):
    - React/Core
  - React/RCTWebSocket (0.57.8):
    - React/Core
    - React/fishhook
    - React/RCTBlob
  - ReactNativeExceptionHandler (2.10.6):
    - React
  - RNFS (2.13.3):
    - React
  - RNSnackbar (0.5.5):
    - React
  - RNSVG (9.2.4):
    - React
  - yoga (0.57.8.React)

DEPENDENCIES:
  - RCTRestart (from `../node_modules/react-native-restart/ios`)
  - react-native-orientation (from `../node_modules/react-native-orientation`)
  - react-native-sqlite-storage (from `../node_modules/react-native-sqlite-storage`)
  - React/DevSupport (from `../node_modules/react-native`)
  - React/RCTImage (from `../node_modules/react-native`)
  - React/RCTLinkingIOS (from `../node_modules/react-native`)
  - ReactNativeExceptionHandler (from `../node_modules/react-native-exception-handler`)
  - RNFS (from `../node_modules/react-native-fs`)
  - RNSnackbar (from `../node_modules/react-native-snackbar`)
  - RNSVG (from `../node_modules/react-native-svg`)
  - yoga (from `../node_modules/react-native/ReactCommon/yoga`)

EXTERNAL SOURCES:
  RCTRestart:
    :path: "../node_modules/react-native-restart/ios"
  React:
    :path: "../node_modules/react-native"
  react-native-orientation:
    :path: "../node_modules/react-native-orientation"
  react-native-sqlite-storage:
    :path: "../node_modules/react-native-sqlite-storage"
  ReactNativeExceptionHandler:
    :path: "../node_modules/react-native-exception-handler"
  RNFS:
    :path: "../node_modules/react-native-fs"
  RNSnackbar:
    :path: "../node_modules/react-native-snackbar"
  RNSVG:
    :path: "../node_modules/react-native-svg"
  yoga:
    :path: "../node_modules/react-native/ReactCommon/yoga"

SPEC CHECKSUMS:
  RCTRestart: c009d929d5387d935250d5e30d4c1390f28bc4b3
  React: adbac0757ce35e92fbd447ab98c810209d27d9b0
  react-native-orientation: f1caf84d65f1a4fd4511a18f2b924e634ad7a628
  react-native-sqlite-storage: 001a5a41f67f62df1f89a9680967292396c4ac31
  ReactNativeExceptionHandler: 338134d41915f5a67c2e65ac182194669d5ec639
  RNFS: c9bbde46b0d59619f8e7b735991c60e0f73d22c1
  RNSnackbar: bab78c1e556b8884ac3420772e5ae64e5c1d3ffd
  RNSVG: 6fec2b50e65b4a01ba54155e8e546e0a1eeb16f4
  yoga: 74cdf036c30820443b25ade59916236b1e95ee93

PODFILE CHECKSUM: 1e8d682c21440be5137bb12bd4c866c59ee413cf

COCOAPODS: 1.6.0
